
Microsoft Visual Studio Solution File, Format Version 12.00
# Visual Studio 2013
VisualStudioVersion = 12.0.31101.0
MinimumVisualStudioVersion = 10.0.40219.1
Project("{FAE04EC0-301F-11D3-BF4B-00C04F79EFBC}") = "Pumpa", "Pumpa.csproj", "{ED54A4D8-3010-4CA2-BA24-7A6E941245B0}"
EndProject
Project("{FAE04EC0-301F-11D3-BF4B-00C04F79EFBC}") = "Pumpa.Domain", "..\Pumpa.Domain\Pumpa.Domain.csproj", "{224208AA-EC6C-42FE-9BA3-1BEED5A13629}"
EndProject
Project("{FAE04EC0-301F-11D3-BF4B-00C04F79EFBC}") = "Pumpa.Datalayer", "Pumpa.Datalayer\Pumpa.Datalayer.csproj", "{339BE0FD-1573-4F1A-9930-9A1FE02767C6}"
EndProject
Global
	GlobalSection(SolutionConfigurationPlatforms) = preSolution
		Debug|Any CPU = Debug|Any CPU
		Release|Any CPU = Release|Any CPU
	EndGlobalSection
	GlobalSection(ProjectConfigurationPlatforms) = postSolution
		{ED54A4D8-3010-4CA2-BA24-7A6E941245B0}.Debug|Any CPU.ActiveCfg = Debug|Any CPU
		{ED54A4D8-3010-4CA2-BA24-7A6E941245B0}.Debug|Any CPU.Build.0 = Debug|Any CPU
		{ED54A4D8-3010-4CA2-BA24-7A6E941245B0}.Release|Any CPU.ActiveCfg = Release|Any CPU
		{ED54A4D8-3010-4CA2-BA24-7A6E941245B0}.Release|Any CPU.Build.0 = Release|Any CPU
		{224208AA-EC6C-42FE-9BA3-1BEED5A13629}.Debug|Any CPU.ActiveCfg = Debug|Any CPU
		{224208AA-EC6C-42FE-9BA3-1BEED5A13629}.Debug|Any CPU.Build.0 = Debug|Any CPU
		{224208AA-EC6C-42FE-9BA3-1BEED5A13629}.Release|Any CPU.ActiveCfg = Release|Any CPU
		{224208AA-EC6C-42FE-9BA3-1BEED5A13629}.Release|Any CPU.Build.0 = Release|Any CPU
		{339BE0FD-1573-4F1A-9930-9A1FE02767C6}.Debug|Any CPU.ActiveCfg = Debug|Any CPU
		{339BE0FD-1573-4F1A-9930-9A1FE02767C6}.Debug|Any CPU.Build.0 = Debug|Any CPU
		{339BE0FD-1573-4F1A-9930-9A1FE02767C6}.Release|Any CPU.ActiveCfg = Release|Any CPU
		{339BE0FD-1573-4F1A-9930-9A1FE02767C6}.Release|Any CPU.Build.0 = Release|Any CPU
	EndGlobalSection
	GlobalSection(SolutionProperties) = preSolution
		HideSolutionNode = FALSE
	EndGlobalSection
EndGlobal
